
Microsoft Visual Studio Solution File, Format Version 12.00
# Visual Studio Version 17
VisualStudioVersion = 17.14.36127.28 d17.14
MinimumVisualStudioVersion = 10.0.40219.1
Project("{FAE04EC0-301F-11D3-BF4B-00C04F79EFBC}") = "TareaPlatzi6_POO", "TareaPlatzi6_POO.csproj", "{6AC7E300-0B6E-416C-A952-3B19AF1B5AFD}"
EndProject
Global
	GlobalSection(SolutionConfigurationPlatforms) = preSolution
		Debug|Any CPU = Debug|Any CPU
		Release|Any CPU = Release|Any CPU
	EndGlobalSection
	GlobalSection(ProjectConfigurationPlatforms) = postSolution
		{6AC7E300-0B6E-416C-A952-3B19AF1B5AFD}.Debug|Any CPU.ActiveCfg = Debug|Any CPU
		{6AC7E300-0B6E-416C-A952-3B19AF1B5AFD}.Debug|Any CPU.Build.0 = Debug|Any CPU
		{6AC7E300-0B6E-416C-A952-3B19AF1B5AFD}.Release|Any CPU.ActiveCfg = Release|Any CPU
		{6AC7E300-0B6E-416C-A952-3B19AF1B5AFD}.Release|Any CPU.Build.0 = Release|Any CPU
	EndGlobalSection
	GlobalSection(SolutionProperties) = preSolution
		HideSolutionNode = FALSE
	EndGlobalSection
	GlobalSection(ExtensibilityGlobals) = postSolution
		SolutionGuid = {FDAB1810-B983-4D50-B24A-BEA9D560F35C}
	EndGlobalSection
EndGlobal
